
Microsoft Visual Studio Solution File, Format Version 12.00
# Visual Studio Version 17
VisualStudioVersion = 17.9.34714.143
MinimumVisualStudioVersion = 10.0.40219.1
Project("{FAE04EC0-301F-11D3-BF4B-00C04F79EFBC}") = "CustomerApplication-API", "CustomerApplication-API.csproj", "{56EC319D-EA33-45C7-8753-D26EC7E43192}"
EndProject
Global
	GlobalSection(SolutionConfigurationPlatforms) = preSolution
		Debug|Any CPU = Debug|Any CPU
		Release|Any CPU = Release|Any CPU
	EndGlobalSection
	GlobalSection(ProjectConfigurationPlatforms) = postSolution
		{56EC319D-EA33-45C7-8753-D26EC7E43192}.Debug|Any CPU.ActiveCfg = Debug|Any CPU
		{56EC319D-EA33-45C7-8753-D26EC7E43192}.Debug|Any CPU.Build.0 = Debug|Any CPU
		{56EC319D-EA33-45C7-8753-D26EC7E43192}.Release|Any CPU.ActiveCfg = Release|Any CPU
		{56EC319D-EA33-45C7-8753-D26EC7E43192}.Release|Any CPU.Build.0 = Release|Any CPU
	EndGlobalSection
	GlobalSection(SolutionProperties) = preSolution
		HideSolutionNode = FALSE
	EndGlobalSection
	GlobalSection(ExtensibilityGlobals) = postSolution
		SolutionGuid = {70CA00D5-3C36-4489-9D05-F62EF653D649}
	EndGlobalSection
EndGlobal
